// !$*UTF8*$!
{
	archiveVersion = 1;
	classes = {
	};
	objectVersion = 70;
	objects = {

/* Begin PBXBuildFile section */
		250E4F902CBFA3B900CDCC71 /* LoginFlexView.swift in Sources */ = {isa = PBXBuildFile; fileRef = 250E4F8F2CBFA3B900CDCC71 /* LoginFlexView.swift */; };
		251712162CBE64B2005AB9E5 /* Main.storyboard in Resources */ = {isa = PBXBuildFile; fileRef = 251712112CBE64B2005AB9E5 /* Main.storyboard */; };
		251712172CBE64B2005AB9E5 /* LaunchScreen.storyboard in Resources */ = {isa = PBXBuildFile; fileRef = 2517120F2CBE64B2005AB9E5 /* LaunchScreen.storyboard */; };
		251712192CBE64B2005AB9E5 /* Assets.xcassets in Resources */ = {isa = PBXBuildFile; fileRef = 2517120D2CBE64B2005AB9E5 /* Assets.xcassets */; };
		2517121E2CBE65F9005AB9E5 /* LoginVC.swift in Sources */ = {isa = PBXBuildFile; fileRef = 2517121D2CBE65F9005AB9E5 /* LoginVC.swift */; };
		25249D3B2CD0D18600448DC9 /* KakaoFlexView.swift in Sources */ = {isa = PBXBuildFile; fileRef = 25249D392CD0D18600448DC9 /* KakaoFlexView.swift */; };
		25249D3C2CD0D18600448DC9 /* KakaoSignIn.swift in Sources */ = {isa = PBXBuildFile; fileRef = 25249D3A2CD0D18600448DC9 /* KakaoSignIn.swift */; };
		25249D3F2CD0D19F00448DC9 /* AppDelegate.swift in Sources */ = {isa = PBXBuildFile; fileRef = 25249D3D2CD0D19F00448DC9 /* AppDelegate.swift */; };
		25249D402CD0D19F00448DC9 /* SceneDelegate.swift in Sources */ = {isa = PBXBuildFile; fileRef = 25249D3E2CD0D19F00448DC9 /* SceneDelegate.swift */; };
		2BCCE5516A315AE3B527AB03 /* Pods_LoginTamplate.framework in Frameworks */ = {isa = PBXBuildFile; fileRef = 6EE0A4D7630046AA9ABE24C3 /* Pods_LoginTamplate.framework */; };
/* End PBXBuildFile section */

/* Begin PBXFileReference section */
		250E4F8F2CBFA3B900CDCC71 /* LoginFlexView.swift */ = {isa = PBXFileReference; lastKnownFileType = sourcecode.swift; path = LoginFlexView.swift; sourceTree = "<group>"; };
		251711F42CBE6117005AB9E5 /* LoginTamplate.app */ = {isa = PBXFileReference; explicitFileType = wrapper.application; includeInIndex = 0; path = LoginTamplate.app; sourceTree = BUILT_PRODUCTS_DIR; };
		2517120D2CBE64B2005AB9E5 /* Assets.xcassets */ = {isa = PBXFileReference; lastKnownFileType = folder.assetcatalog; path = Assets.xcassets; sourceTree = "<group>"; };
		2517120E2CBE64B2005AB9E5 /* Base */ = {isa = PBXFileReference; lastKnownFileType = file.storyboard; name = Base; path = LaunchScreen.storyboard; sourceTree = "<group>"; };
		251712102CBE64B2005AB9E5 /* Base */ = {isa = PBXFileReference; lastKnownFileType = file.storyboard; name = Base; path = Main.storyboard; sourceTree = "<group>"; };
		251712132CBE64B2005AB9E5 /* Info.plist */ = {isa = PBXFileReference; lastKnownFileType = text.plist.xml; path = Info.plist; sourceTree = "<group>"; };
		2517121D2CBE65F9005AB9E5 /* LoginVC.swift */ = {isa = PBXFileReference; lastKnownFileType = sourcecode.swift; path = LoginVC.swift; sourceTree = "<group>"; };
		25249D392CD0D18600448DC9 /* KakaoFlexView.swift */ = {isa = PBXFileReference; lastKnownFileType = sourcecode.swift; path = KakaoFlexView.swift; sourceTree = "<group>"; };
		25249D3A2CD0D18600448DC9 /* KakaoSignIn.swift */ = {isa = PBXFileReference; lastKnownFileType = sourcecode.swift; path = KakaoSignIn.swift; sourceTree = "<group>"; };
		25249D3D2CD0D19F00448DC9 /* AppDelegate.swift */ = {isa = PBXFileReference; lastKnownFileType = sourcecode.swift; path = AppDelegate.swift; sourceTree = "<group>"; };
		25249D3E2CD0D19F00448DC9 /* SceneDelegate.swift */ = {isa = PBXFileReference; lastKnownFileType = sourcecode.swift; path = SceneDelegate.swift; sourceTree = "<group>"; };
		2532D58E2CD365EF000173CA /* LoginTamplateSwiftUI.app */ = {isa = PBXFileReference; explicitFileType = wrapper.application; includeInIndex = 0; path = LoginTamplateSwiftUI.app; sourceTree = BUILT_PRODUCTS_DIR; };
		25D694652CC64DFD00FE0A3C /* LoginTamplate.entitlements */ = {isa = PBXFileReference; lastKnownFileType = text.plist.entitlements; path = LoginTamplate.entitlements; sourceTree = "<group>"; };
		4525A82B2DA73443105CACAF /* Pods-LoginTamplate.debug.xcconfig */ = {isa = PBXFileReference; includeInIndex = 1; lastKnownFileType = text.xcconfig; name = "Pods-LoginTamplate.debug.xcconfig"; path = "Target Support Files/Pods-LoginTamplate/Pods-LoginTamplate.debug.xcconfig"; sourceTree = "<group>"; };
		6EE0A4D7630046AA9ABE24C3 /* Pods_LoginTamplate.framework */ = {isa = PBXFileReference; explicitFileType = wrapper.framework; includeInIndex = 0; path = Pods_LoginTamplate.framework; sourceTree = BUILT_PRODUCTS_DIR; };
		A657E3C075A50E0AA1253BFA /* Pods-LoginTamplate.release.xcconfig */ = {isa = PBXFileReference; includeInIndex = 1; lastKnownFileType = text.xcconfig; name = "Pods-LoginTamplate.release.xcconfig"; path = "Target Support Files/Pods-LoginTamplate/Pods-LoginTamplate.release.xcconfig"; sourceTree = "<group>"; };
/* End PBXFileReference section */

/* Begin PBXFileSystemSynchronizedRootGroup section */
		2532D58F2CD365EF000173CA /* LoginTamplateSwiftUI */ = {isa = PBXFileSystemSynchronizedRootGroup; explicitFileTypes = {}; explicitFolders = (); path = LoginTamplateSwiftUI; sourceTree = "<group>"; };
/* End PBXFileSystemSynchronizedRootGroup section */

/* Begin PBXFrameworksBuildPhase section */
		251711F12CBE6117005AB9E5 /* Frameworks */ = {
			isa = PBXFrameworksBuildPhase;
			buildActionMask = 2147483647;
			files = (
				2BCCE5516A315AE3B527AB03 /* Pods_LoginTamplate.framework in Frameworks */,
			);
			runOnlyForDeploymentPostprocessing = 0;
		};
		2532D58B2CD365EF000173CA /* Frameworks */ = {
			isa = PBXFrameworksBuildPhase;
			buildActionMask = 2147483647;
			files = (
			);
			runOnlyForDeploymentPostprocessing = 0;
		};
/* End PBXFrameworksBuildPhase section */

/* Begin PBXGroup section */
		251711EB2CBE6117005AB9E5 = {
			isa = PBXGroup;
			children = (
				251711F62CBE6117005AB9E5 /* LoginTamplate */,
				2532D58F2CD365EF000173CA /* LoginTamplateSwiftUI */,
				251711F52CBE6117005AB9E5 /* Products */,
				4E8B6BD186E07CABABC681B3 /* Pods */,
				F909E14A6F3606EC03D1612C /* Frameworks */,
			);
			sourceTree = "<group>";
		};
		251711F52CBE6117005AB9E5 /* Products */ = {
			isa = PBXGroup;
			children = (
				251711F42CBE6117005AB9E5 /* LoginTamplate.app */,
				2532D58E2CD365EF000173CA /* LoginTamplateSwiftUI.app */,
			);
			name = Products;
			sourceTree = "<group>";
		};
		251711F62CBE6117005AB9E5 /* LoginTamplate */ = {
			isa = PBXGroup;
			children = (
				F8A7A1DF2CCBD08C003D13FD /* Delegate */,
				F8A7A1E12CCBD0AA003D13FD /* KakaoSign */,
				25D694652CC64DFD00FE0A3C /* LoginTamplate.entitlements */,
				2517120D2CBE64B2005AB9E5 /* Assets.xcassets */,
				251712122CBE64B2005AB9E5 /* Base.lproj */,
				251712132CBE64B2005AB9E5 /* Info.plist */,
				2517121D2CBE65F9005AB9E5 /* LoginVC.swift */,
				250E4F8F2CBFA3B900CDCC71 /* LoginFlexView.swift */,
			);
			path = LoginTamplate;
			sourceTree = "<group>";
		};
		251712122CBE64B2005AB9E5 /* Base.lproj */ = {
			isa = PBXGroup;
			children = (
				2517120F2CBE64B2005AB9E5 /* LaunchScreen.storyboard */,
				251712112CBE64B2005AB9E5 /* Main.storyboard */,
			);
			path = Base.lproj;
			sourceTree = "<group>";
		};
		4E8B6BD186E07CABABC681B3 /* Pods */ = {
			isa = PBXGroup;
			children = (
				4525A82B2DA73443105CACAF /* Pods-LoginTamplate.debug.xcconfig */,
				A657E3C075A50E0AA1253BFA /* Pods-LoginTamplate.release.xcconfig */,
			);
			path = Pods;
			sourceTree = "<group>";
		};
		F8A7A1DF2CCBD08C003D13FD /* Delegate */ = {
			isa = PBXGroup;
			children = (
				25249D3D2CD0D19F00448DC9 /* AppDelegate.swift */,
				25249D3E2CD0D19F00448DC9 /* SceneDelegate.swift */,
			);
			path = Delegate;
			sourceTree = "<group>";
		};
		F8A7A1E12CCBD0AA003D13FD /* KakaoSign */ = {
			isa = PBXGroup;
			children = (
				25249D392CD0D18600448DC9 /* KakaoFlexView.swift */,
				25249D3A2CD0D18600448DC9 /* KakaoSignIn.swift */,
			);
			path = KakaoSign;
			sourceTree = "<group>";
		};
		F909E14A6F3606EC03D1612C /* Frameworks */ = {
			isa = PBXGroup;
			children = (
				6EE0A4D7630046AA9ABE24C3 /* Pods_LoginTamplate.framework */,
			);
			name = Frameworks;
			sourceTree = "<group>";
		};
/* End PBXGroup section */

/* Begin PBXNativeTarget section */
		251711F32CBE6117005AB9E5 /* LoginTamplate */ = {
			isa = PBXNativeTarget;
			buildConfigurationList = 251712072CBE6118005AB9E5 /* Build configuration list for PBXNativeTarget "LoginTamplate" */;
			buildPhases = (
				FD6891FFE4C8F30A1D068402 /* [CP] Check Pods Manifest.lock */,
				251711F02CBE6117005AB9E5 /* Sources */,
				251711F12CBE6117005AB9E5 /* Frameworks */,
				251711F22CBE6117005AB9E5 /* Resources */,
				3C20FB537D34F3A91EDEAA60 /* [CP] Embed Pods Frameworks */,
				DE6B0E2D96FB90BC5F2DC9B8 /* [CP] Copy Pods Resources */,
			);
			buildRules = (
			);
			dependencies = (
			);
			name = LoginTamplate;
			productName = LoginTamplate;
			productReference = 251711F42CBE6117005AB9E5 /* LoginTamplate.app */;
			productType = "com.apple.product-type.application";
		};
		2532D58D2CD365EF000173CA /* LoginTamplateSwiftUI */ = {
			isa = PBXNativeTarget;
			buildConfigurationList = 2532D59C2CD365F0000173CA /* Build configuration list for PBXNativeTarget "LoginTamplateSwiftUI" */;
			buildPhases = (
				2532D58A2CD365EF000173CA /* Sources */,
				2532D58B2CD365EF000173CA /* Frameworks */,
				2532D58C2CD365EF000173CA /* Resources */,
			);
			buildRules = (
			);
			dependencies = (
			);
			fileSystemSynchronizedGroups = (
				2532D58F2CD365EF000173CA /* LoginTamplateSwiftUI */,
			);
			name = LoginTamplateSwiftUI;
			packageProductDependencies = (
			);
			productName = LoginTamplateSwiftUI;
			productReference = 2532D58E2CD365EF000173CA /* LoginTamplateSwiftUI.app */;
			productType = "com.apple.product-type.application";
		};
/* End PBXNativeTarget section */

/* Begin PBXProject section */
		251711EC2CBE6117005AB9E5 /* Project object */ = {
			isa = PBXProject;
			attributes = {
				LastSwiftUpdateCheck = 1600;
				LastUpgradeCheck = 1600;
				TargetAttributes = {
					251711F32CBE6117005AB9E5 = {
						CreatedOnToolsVersion = 16.0;
						LastSwiftMigration = 1600;
					};
					2532D58D2CD365EF000173CA = {
						CreatedOnToolsVersion = 16.0;
					};
				};
			};
			buildConfigurationList = 251711EF2CBE6117005AB9E5 /* Build configuration list for PBXProject "LoginTamplate" */;
			compatibilityVersion = "Xcode 15.3";
			developmentRegion = en;
			hasScannedForEncodings = 0;
			knownRegions = (
				en,
				Base,
			);
			mainGroup = 251711EB2CBE6117005AB9E5;
			minimizedProjectReferenceProxies = 1;
			productRefGroup = 251711F52CBE6117005AB9E5 /* Products */;
			projectDirPath = "";
			projectRoot = "";
			targets = (
				251711F32CBE6117005AB9E5 /* LoginTamplate */,
				2532D58D2CD365EF000173CA /* LoginTamplateSwiftUI */,
			);
		};
/* End PBXProject section */

/* Begin PBXResourcesBuildPhase section */
		251711F22CBE6117005AB9E5 /* Resources */ = {
			isa = PBXResourcesBuildPhase;
			buildActionMask = 2147483647;
			files = (
				251712162CBE64B2005AB9E5 /* Main.storyboard in Resources */,
				251712172CBE64B2005AB9E5 /* LaunchScreen.storyboard in Resources */,
				251712192CBE64B2005AB9E5 /* Assets.xcassets in Resources */,
			);
			runOnlyForDeploymentPostprocessing = 0;
		};
		2532D58C2CD365EF000173CA /* Resources */ = {
			isa = PBXResourcesBuildPhase;
			buildActionMask = 2147483647;
			files = (
			);
			runOnlyForDeploymentPostprocessing = 0;
		};
/* End PBXResourcesBuildPhase section */

/* Begin PBXShellScriptBuildPhase section */
		3C20FB537D34F3A91EDEAA60 /* [CP] Embed Pods Frameworks */ = {
			isa = PBXShellScriptBuildPhase;
			buildActionMask = 2147483647;
			files = (
			);
			inputFileListPaths = (
				"${PODS_ROOT}/Target Support Files/Pods-LoginTamplate/Pods-LoginTamplate-frameworks-${CONFIGURATION}-input-files.xcfilelist",
			);
			name = "[CP] Embed Pods Frameworks";
			outputFileListPaths = (
				"${PODS_ROOT}/Target Support Files/Pods-LoginTamplate/Pods-LoginTamplate-frameworks-${CONFIGURATION}-output-files.xcfilelist",
			);
			runOnlyForDeploymentPostprocessing = 0;
			shellPath = /bin/sh;
			shellScript = "\"${PODS_ROOT}/Target Support Files/Pods-LoginTamplate/Pods-LoginTamplate-frameworks.sh\"\n";
			showEnvVarsInLog = 0;
		};
		DE6B0E2D96FB90BC5F2DC9B8 /* [CP] Copy Pods Resources */ = {
			isa = PBXShellScriptBuildPhase;
			buildActionMask = 2147483647;
			files = (
			);
			inputFileListPaths = (
				"${PODS_ROOT}/Target Support Files/Pods-LoginTamplate/Pods-LoginTamplate-resources-${CONFIGURATION}-input-files.xcfilelist",
			);
			name = "[CP] Copy Pods Resources";
			outputFileListPaths = (
				"${PODS_ROOT}/Target Support Files/Pods-LoginTamplate/Pods-LoginTamplate-resources-${CONFIGURATION}-output-files.xcfilelist",
			);
			runOnlyForDeploymentPostprocessing = 0;
			shellPath = /bin/sh;
			shellScript = "\"${PODS_ROOT}/Target Support Files/Pods-LoginTamplate/Pods-LoginTamplate-resources.sh\"\n";
			showEnvVarsInLog = 0;
		};
		FD6891FFE4C8F30A1D068402 /* [CP] Check Pods Manifest.lock */ = {
			isa = PBXShellScriptBuildPhase;
			buildActionMask = 2147483647;
			files = (
			);
			inputFileListPaths = (
			);
			inputPaths = (
				"${PODS_PODFILE_DIR_PATH}/Podfile.lock",
				"${PODS_ROOT}/Manifest.lock",
			);
			name = "[CP] Check Pods Manifest.lock";
			outputFileListPaths = (
			);
			outputPaths = (
				"$(DERIVED_FILE_DIR)/Pods-LoginTamplate-checkManifestLockResult.txt",
			);
			runOnlyForDeploymentPostprocessing = 0;
			shellPath = /bin/sh;
			shellScript = "diff \"${PODS_PODFILE_DIR_PATH}/Podfile.lock\" \"${PODS_ROOT}/Manifest.lock\" > /dev/null\nif [ $? != 0 ] ; then\n    # print error to STDERR\n    echo \"error: The sandbox is not in sync with the Podfile.lock. Run 'pod install' or update your CocoaPods installation.\" >&2\n    exit 1\nfi\n# This output is used by Xcode 'outputs' to avoid re-running this script phase.\necho \"SUCCESS\" > \"${SCRIPT_OUTPUT_FILE_0}\"\n";
			showEnvVarsInLog = 0;
		};
/* End PBXShellScriptBuildPhase section */

/* Begin PBXSourcesBuildPhase section */
		251711F02CBE6117005AB9E5 /* Sources */ = {
			isa = PBXSourcesBuildPhase;
			buildActionMask = 2147483647;
			files = (
				2517121E2CBE65F9005AB9E5 /* LoginVC.swift in Sources */,
				250E4F902CBFA3B900CDCC71 /* LoginFlexView.swift in Sources */,
				25249D3F2CD0D19F00448DC9 /* AppDelegate.swift in Sources */,
				25249D402CD0D19F00448DC9 /* SceneDelegate.swift in Sources */,
				25249D3B2CD0D18600448DC9 /* KakaoFlexView.swift in Sources */,
				25249D3C2CD0D18600448DC9 /* KakaoSignIn.swift in Sources */,
			);
			runOnlyForDeploymentPostprocessing = 0;
		};
		2532D58A2CD365EF000173CA /* Sources */ = {
			isa = PBXSourcesBuildPhase;
			buildActionMask = 2147483647;
			files = (
			);
			runOnlyForDeploymentPostprocessing = 0;
		};
/* End PBXSourcesBuildPhase section */

/* Begin PBXVariantGroup section */
		2517120F2CBE64B2005AB9E5 /* LaunchScreen.storyboard */ = {
			isa = PBXVariantGroup;
			children = (
				2517120E2CBE64B2005AB9E5 /* Base */,
			);
			name = LaunchScreen.storyboard;
			sourceTree = "<group>";
		};
		251712112CBE64B2005AB9E5 /* Main.storyboard */ = {
			isa = PBXVariantGroup;
			children = (
				251712102CBE64B2005AB9E5 /* Base */,
			);
			name = Main.storyboard;
			sourceTree = "<group>";
		};
/* End PBXVariantGroup section */

/* Begin XCBuildConfiguration section */
		251712082CBE6118005AB9E5 /* Debug */ = {
			isa = XCBuildConfiguration;
			baseConfigurationReference = 4525A82B2DA73443105CACAF /* Pods-LoginTamplate.debug.xcconfig */;
			buildSettings = {
				ASSETCATALOG_COMPILER_APPICON_NAME = AppIcon;
				ASSETCATALOG_COMPILER_GLOBAL_ACCENT_COLOR_NAME = AccentColor;
				CLANG_ENABLE_MODULES = YES;
				CODE_SIGN_ENTITLEMENTS = LoginTamplate/LoginTamplate.entitlements;
				CODE_SIGN_IDENTITY = "Apple Development";
				CODE_SIGN_STYLE = Automatic;
				CURRENT_PROJECT_VERSION = 1;
				DEVELOPMENT_TEAM = AV4C82XPGK;
				ENABLE_USER_SCRIPT_SANDBOXING = NO;
				GENERATE_INFOPLIST_FILE = YES;
				INFOPLIST_FILE = LoginTamplate/Info.plist;
				INFOPLIST_KEY_UIApplicationSupportsIndirectInputEvents = YES;
				INFOPLIST_KEY_UILaunchStoryboardName = LaunchScreen;
				INFOPLIST_KEY_UIMainStoryboardFile = Main;
				INFOPLIST_KEY_UISupportedInterfaceOrientations_iPad = "UIInterfaceOrientationPortrait UIInterfaceOrientationPortraitUpsideDown UIInterfaceOrientationLandscapeLeft UIInterfaceOrientationLandscapeRight";
				INFOPLIST_KEY_UISupportedInterfaceOrientations_iPhone = "UIInterfaceOrientationPortrait UIInterfaceOrientationLandscapeLeft UIInterfaceOrientationLandscapeRight";
				LD_RUNPATH_SEARCH_PATHS = (
					"$(inherited)",
					"@executable_path/Frameworks",
				);
				MARKETING_VERSION = 1.0;
				PRODUCT_BUNDLE_IDENTIFIER = edu.LoginTamplate1;
				PRODUCT_NAME = "$(TARGET_NAME)";
				PROVISIONING_PROFILE_SPECIFIER = "";
				SWIFT_EMIT_LOC_STRINGS = YES;
				SWIFT_OPTIMIZATION_LEVEL = "-Onone";
				SWIFT_VERSION = 5.0;
				TARGETED_DEVICE_FAMILY = "1,2";
			};
			name = Debug;
		};
		251712092CBE6118005AB9E5 /* Release */ = {
			isa = XCBuildConfiguration;
			baseConfigurationReference = A657E3C075A50E0AA1253BFA /* Pods-LoginTamplate.release.xcconfig */;
			buildSettings = {
				ASSETCATALOG_COMPILER_APPICON_NAME = AppIcon;
				ASSETCATALOG_COMPILER_GLOBAL_ACCENT_COLOR_NAME = AccentColor;
				CLANG_ENABLE_MODULES = YES;
				CODE_SIGN_ENTITLEMENTS = LoginTamplate/LoginTamplate.entitlements;
				CODE_SIGN_IDENTITY = "Apple Development";
				CODE_SIGN_STYLE = Automatic;
				CURRENT_PROJECT_VERSION = 1;
				DEVELOPMENT_TEAM = AV4C82XPGK;
				ENABLE_USER_SCRIPT_SANDBOXING = NO;
				GENERATE_INFOPLIST_FILE = YES;
				INFOPLIST_FILE = LoginTamplate/Info.plist;
				INFOPLIST_KEY_UIApplicationSupportsIndirectInputEvents = YES;
				INFOPLIST_KEY_UILaunchStoryboardName = LaunchScreen;
				INFOPLIST_KEY_UIMainStoryboardFile = Main;
				INFOPLIST_KEY_UISupportedInterfaceOrientations_iPad = "UIInterfaceOrientationPortrait UIInterfaceOrientationPortraitUpsideDown UIInterfaceOrientationLandscapeLeft UIInterfaceOrientationLandscapeRight";
				INFOPLIST_KEY_UISupportedInterfaceOrientations_iPhone = "UIInterfaceOrientationPortrait UIInterfaceOrientationLandscapeLeft UIInterfaceOrientationLandscapeRight";
				LD_RUNPATH_SEARCH_PATHS = (
					"$(inherited)",
					"@executable_path/Frameworks",
				);
				MARKETING_VERSION = 1.0;
				PRODUCT_BUNDLE_IDENTIFIER = edu.LoginTamplate1;
				PRODUCT_NAME = "$(TARGET_NAME)";
				PROVISIONING_PROFILE_SPECIFIER = "";
				SWIFT_EMIT_LOC_STRINGS = YES;
				SWIFT_VERSION = 5.0;
				TARGETED_DEVICE_FAMILY = "1,2";
			};
			name = Release;
		};
		2517120A2CBE6118005AB9E5 /* Debug */ = {
			isa = XCBuildConfiguration;
			buildSettings = {
				ALWAYS_SEARCH_USER_PATHS = NO;
				ASSETCATALOG_COMPILER_GENERATE_SWIFT_ASSET_SYMBOL_EXTENSIONS = YES;
				CLANG_ANALYZER_NONNULL = YES;
				CLANG_ANALYZER_NUMBER_OBJECT_CONVERSION = YES_AGGRESSIVE;
				CLANG_CXX_LANGUAGE_STANDARD = "gnu++20";
				CLANG_ENABLE_MODULES = YES;
				CLANG_ENABLE_OBJC_ARC = YES;
				CLANG_ENABLE_OBJC_WEAK = YES;
				CLANG_WARN_BLOCK_CAPTURE_AUTORELEASING = YES;
				CLANG_WARN_BOOL_CONVERSION = YES;
				CLANG_WARN_COMMA = YES;
				CLANG_WARN_CONSTANT_CONVERSION = YES;
				CLANG_WARN_DEPRECATED_OBJC_IMPLEMENTATIONS = YES;
				CLANG_WARN_DIRECT_OBJC_ISA_USAGE = YES_ERROR;
				CLANG_WARN_DOCUMENTATION_COMMENTS = YES;
				CLANG_WARN_EMPTY_BODY = YES;
				CLANG_WARN_ENUM_CONVERSION = YES;
				CLANG_WARN_INFINITE_RECURSION = YES;
				CLANG_WARN_INT_CONVERSION = YES;
				CLANG_WARN_NON_LITERAL_NULL_CONVERSION = YES;
				CLANG_WARN_OBJC_IMPLICIT_RETAIN_SELF = YES;
				CLANG_WARN_OBJC_LITERAL_CONVERSION = YES;
				CLANG_WARN_OBJC_ROOT_CLASS = YES_ERROR;
				CLANG_WARN_QUOTED_INCLUDE_IN_FRAMEWORK_HEADER = YES;
				CLANG_WARN_RANGE_LOOP_ANALYSIS = YES;
				CLANG_WARN_STRICT_PROTOTYPES = YES;
				CLANG_WARN_SUSPICIOUS_MOVE = YES;
				CLANG_WARN_UNGUARDED_AVAILABILITY = YES_AGGRESSIVE;
				CLANG_WARN_UNREACHABLE_CODE = YES;
				CLANG_WARN__DUPLICATE_METHOD_MATCH = YES;
				COPY_PHASE_STRIP = NO;
				DEBUG_INFORMATION_FORMAT = dwarf;
				ENABLE_STRICT_OBJC_MSGSEND = YES;
				ENABLE_TESTABILITY = YES;
				ENABLE_USER_SCRIPT_SANDBOXING = NO;
				GCC_C_LANGUAGE_STANDARD = gnu17;
				GCC_DYNAMIC_NO_PIC = NO;
				GCC_NO_COMMON_BLOCKS = YES;
				GCC_OPTIMIZATION_LEVEL = 0;
				GCC_PREPROCESSOR_DEFINITIONS = (
					"DEBUG=1",
					"$(inherited)",
				);
				GCC_WARN_64_TO_32_BIT_CONVERSION = YES;
				GCC_WARN_ABOUT_RETURN_TYPE = YES_ERROR;
				GCC_WARN_UNDECLARED_SELECTOR = YES;
				GCC_WARN_UNINITIALIZED_AUTOS = YES_AGGRESSIVE;
				GCC_WARN_UNUSED_FUNCTION = YES;
				GCC_WARN_UNUSED_VARIABLE = YES;
				IPHONEOS_DEPLOYMENT_TARGET = 18.0;
				LOCALIZATION_PREFERS_STRING_CATALOGS = YES;
				MTL_ENABLE_DEBUG_INFO = INCLUDE_SOURCE;
				MTL_FAST_MATH = YES;
				ONLY_ACTIVE_ARCH = YES;
				SDKROOT = iphoneos;
				SWIFT_ACTIVE_COMPILATION_CONDITIONS = "DEBUG $(inherited)";
				SWIFT_OPTIMIZATION_LEVEL = "-Onone";
			};
			name = Debug;
		};
		2517120B2CBE6118005AB9E5 /* Release */ = {
			isa = XCBuildConfiguration;
			buildSettings = {
				ALWAYS_SEARCH_USER_PATHS = NO;
				ASSETCATALOG_COMPILER_GENERATE_SWIFT_ASSET_SYMBOL_EXTENSIONS = YES;
				CLANG_ANALYZER_NONNULL = YES;
				CLANG_ANALYZER_NUMBER_OBJECT_CONVERSION = YES_AGGRESSIVE;
				CLANG_CXX_LANGUAGE_STANDARD = "gnu++20";
				CLANG_ENABLE_MODULES = YES;
				CLANG_ENABLE_OBJC_ARC = YES;
				CLANG_ENABLE_OBJC_WEAK = YES;
				CLANG_WARN_BLOCK_CAPTURE_AUTORELEASING = YES;
				CLANG_WARN_BOOL_CONVERSION = YES;
				CLANG_WARN_COMMA = YES;
				CLANG_WARN_CONSTANT_CONVERSION = YES;
				CLANG_WARN_DEPRECATED_OBJC_IMPLEMENTATIONS = YES;
				CLANG_WARN_DIRECT_OBJC_ISA_USAGE = YES_ERROR;
				CLANG_WARN_DOCUMENTATION_COMMENTS = YES;
				CLANG_WARN_EMPTY_BODY = YES;
				CLANG_WARN_ENUM_CONVERSION = YES;
				CLANG_WARN_INFINITE_RECURSION = YES;
				CLANG_WARN_INT_CONVERSION = YES;
				CLANG_WARN_NON_LITERAL_NULL_CONVERSION = YES;
				CLANG_WARN_OBJC_IMPLICIT_RETAIN_SELF = YES;
				CLANG_WARN_OBJC_LITERAL_CONVERSION = YES;
				CLANG_WARN_OBJC_ROOT_CLASS = YES_ERROR;
				CLANG_WARN_QUOTED_INCLUDE_IN_FRAMEWORK_HEADER = YES;
				CLANG_WARN_RANGE_LOOP_ANALYSIS = YES;
				CLANG_WARN_STRICT_PROTOTYPES = YES;
				CLANG_WARN_SUSPICIOUS_MOVE = YES;
				CLANG_WARN_UNGUARDED_AVAILABILITY = YES_AGGRESSIVE;
				CLANG_WARN_UNREACHABLE_CODE = YES;
				CLANG_WARN__DUPLICATE_METHOD_MATCH = YES;
				COPY_PHASE_STRIP = NO;
				DEBUG_INFORMATION_FORMAT = "dwarf-with-dsym";
				ENABLE_NS_ASSERTIONS = NO;
				ENABLE_STRICT_OBJC_MSGSEND = YES;
				ENABLE_USER_SCRIPT_SANDBOXING = NO;
				GCC_C_LANGUAGE_STANDARD = gnu17;
				GCC_NO_COMMON_BLOCKS = YES;
				GCC_WARN_64_TO_32_BIT_CONVERSION = YES;
				GCC_WARN_ABOUT_RETURN_TYPE = YES_ERROR;
				GCC_WARN_UNDECLARED_SELECTOR = YES;
				GCC_WARN_UNINITIALIZED_AUTOS = YES_AGGRESSIVE;
				GCC_WARN_UNUSED_FUNCTION = YES;
				GCC_WARN_UNUSED_VARIABLE = YES;
				IPHONEOS_DEPLOYMENT_TARGET = 18.0;
				LOCALIZATION_PREFERS_STRING_CATALOGS = YES;
				MTL_ENABLE_DEBUG_INFO = NO;
				MTL_FAST_MATH = YES;
				SDKROOT = iphoneos;
				SWIFT_COMPILATION_MODE = wholemodule;
				VALIDATE_PRODUCT = YES;
			};
			name = Release;
		};
		2532D59A2CD365F0000173CA /* Debug */ = {
			isa = XCBuildConfiguration;
			buildSettings = {
				ASSETCATALOG_COMPILER_APPICON_NAME = AppIcon;
				ASSETCATALOG_COMPILER_GLOBAL_ACCENT_COLOR_NAME = AccentColor;
				CODE_SIGN_ENTITLEMENTS = LoginTamplateSwiftUI/LoginTamplateSwiftUI.entitlements;
				CODE_SIGN_STYLE = Automatic;
				CURRENT_PROJECT_VERSION = 1;
				DEVELOPMENT_ASSET_PATHS = "\"LoginTamplateSwiftUI/Preview Content\"";
				DEVELOPMENT_TEAM = 289G429944;
				ENABLE_HARDENED_RUNTIME = YES;
				ENABLE_PREVIEWS = YES;
				ENABLE_USER_SCRIPT_SANDBOXING = YES;
				GENERATE_INFOPLIST_FILE = YES;
				"INFOPLIST_KEY_UIApplicationSceneManifest_Generation[sdk=iphoneos*]" = YES;
				"INFOPLIST_KEY_UIApplicationSceneManifest_Generation[sdk=iphonesimulator*]" = YES;
				"INFOPLIST_KEY_UIApplicationSupportsIndirectInputEvents[sdk=iphoneos*]" = YES;
				"INFOPLIST_KEY_UIApplicationSupportsIndirectInputEvents[sdk=iphonesimulator*]" = YES;
				"INFOPLIST_KEY_UILaunchScreen_Generation[sdk=iphoneos*]" = YES;
				"INFOPLIST_KEY_UILaunchScreen_Generation[sdk=iphonesimulator*]" = YES;
				"INFOPLIST_KEY_UIStatusBarStyle[sdk=iphoneos*]" = UIStatusBarStyleDefault;
				"INFOPLIST_KEY_UIStatusBarStyle[sdk=iphonesimulator*]" = UIStatusBarStyleDefault;
				INFOPLIST_KEY_UISupportedInterfaceOrientations_iPad = "UIInterfaceOrientationPortrait UIInterfaceOrientationPortraitUpsideDown UIInterfaceOrientationLandscapeLeft UIInterfaceOrientationLandscapeRight";
				INFOPLIST_KEY_UISupportedInterfaceOrientations_iPhone = "UIInterfaceOrientationPortrait UIInterfaceOrientationLandscapeLeft UIInterfaceOrientationLandscapeRight";
				IPHONEOS_DEPLOYMENT_TARGET = 18.0;
				LD_RUNPATH_SEARCH_PATHS = "@executable_path/Frameworks";
				"LD_RUNPATH_SEARCH_PATHS[sdk=macosx*]" = "@executable_path/../Frameworks";
				MACOSX_DEPLOYMENT_TARGET = 15.0;
				MARKETING_VERSION = 1.0;
				PRODUCT_BUNDLE_IDENTIFIER = edu.LoginTamplateSwiftUI;
				PRODUCT_NAME = "$(TARGET_NAME)";
				SDKROOT = auto;
				SUPPORTED_PLATFORMS = "iphoneos iphonesimulator macosx xros xrsimulator";
				SWIFT_EMIT_LOC_STRINGS = YES;
				SWIFT_VERSION = 5.0;
				TARGETED_DEVICE_FAMILY = "1,2,7";
				XROS_DEPLOYMENT_TARGET = 2.0;
			};
			name = Debug;
		};
		2532D59B2CD365F0000173CA /* Release */ = {
			isa = XCBuildConfiguration;
			buildSettings = {
				ASSETCATALOG_COMPILER_APPICON_NAME = AppIcon;
				ASSETCATALOG_COMPILER_GLOBAL_ACCENT_COLOR_NAME = AccentColor;
				CODE_SIGN_ENTITLEMENTS = LoginTamplateSwiftUI/LoginTamplateSwiftUI.entitlements;
				CODE_SIGN_STYLE = Automatic;
				CURRENT_PROJECT_VERSION = 1;
				DEVELOPMENT_ASSET_PATHS = "\"LoginTamplateSwiftUI/Preview Content\"";
				DEVELOPMENT_TEAM = 289G429944;
				ENABLE_HARDENED_RUNTIME = YES;
				ENABLE_PREVIEWS = YES;
				ENABLE_USER_SCRIPT_SANDBOXING = YES;
				GENERATE_INFOPLIST_FILE = YES;
				"INFOPLIST_KEY_UIApplicationSceneManifest_Generation[sdk=iphoneos*]" = YES;
				"INFOPLIST_KEY_UIApplicationSceneManifest_Generation[sdk=iphonesimulator*]" = YES;
				"INFOPLIST_KEY_UIApplicationSupportsIndirectInputEvents[sdk=iphoneos*]" = YES;
				"INFOPLIST_KEY_UIApplicationSupportsIndirectInputEvents[sdk=iphonesimulator*]" = YES;
				"INFOPLIST_KEY_UILaunchScreen_Generation[sdk=iphoneos*]" = YES;
				"INFOPLIST_KEY_UILaunchScreen_Generation[sdk=iphonesimulator*]" = YES;
				"INFOPLIST_KEY_UIStatusBarStyle[sdk=iphoneos*]" = UIStatusBarStyleDefault;
				"INFOPLIST_KEY_UIStatusBarStyle[sdk=iphonesimulator*]" = UIStatusBarStyleDefault;
				INFOPLIST_KEY_UISupportedInterfaceOrientations_iPad = "UIInterfaceOrientationPortrait UIInterfaceOrientationPortraitUpsideDown UIInterfaceOrientationLandscapeLeft UIInterfaceOrientationLandscapeRight";
				INFOPLIST_KEY_UISupportedInterfaceOrientations_iPhone = "UIInterfaceOrientationPortrait UIInterfaceOrientationLandscapeLeft UIInterfaceOrientationLandscapeRight";
				IPHONEOS_DEPLOYMENT_TARGET = 18.0;
				LD_RUNPATH_SEARCH_PATHS = "@executable_path/Frameworks";
				"LD_RUNPATH_SEARCH_PATHS[sdk=macosx*]" = "@executable_path/../Frameworks";
				MACOSX_DEPLOYMENT_TARGET = 15.0;
				MARKETING_VERSION = 1.0;
				PRODUCT_BUNDLE_IDENTIFIER = edu.LoginTamplateSwiftUI;
				PRODUCT_NAME = "$(TARGET_NAME)";
				SDKROOT = auto;
				SUPPORTED_PLATFORMS = "iphoneos iphonesimulator macosx xros xrsimulator";
				SWIFT_EMIT_LOC_STRINGS = YES;
				SWIFT_VERSION = 5.0;
				TARGETED_DEVICE_FAMILY = "1,2,7";
				XROS_DEPLOYMENT_TARGET = 2.0;
			};
			name = Release;
		};
/* End XCBuildConfiguration section */

/* Begin XCConfigurationList section */
		251711EF2CBE6117005AB9E5 /* Build configuration list for PBXProject "LoginTamplate" */ = {
			isa = XCConfigurationList;
			buildConfigurations = (
				2517120A2CBE6118005AB9E5 /* Debug */,
				2517120B2CBE6118005AB9E5 /* Release */,
			);
			defaultConfigurationIsVisible = 0;
			defaultConfigurationName = Release;
		};
		251712072CBE6118005AB9E5 /* Build configuration list for PBXNativeTarget "LoginTamplate" */ = {
			isa = XCConfigurationList;
			buildConfigurations = (
				251712082CBE6118005AB9E5 /* Debug */,
				251712092CBE6118005AB9E5 /* Release */,
			);
			defaultConfigurationIsVisible = 0;
			defaultConfigurationName = Release;
		};
		2532D59C2CD365F0000173CA /* Build configuration list for PBXNativeTarget "LoginTamplateSwiftUI" */ = {
			isa = XCConfigurationList;
			buildConfigurations = (
				2532D59A2CD365F0000173CA /* Debug */,
				2532D59B2CD365F0000173CA /* Release */,
			);
			defaultConfigurationIsVisible = 0;
			defaultConfigurationName = Release;
		};
/* End XCConfigurationList section */
	};
	rootObject = 251711EC2CBE6117005AB9E5 /* Project object */;
}
